
Microsoft Visual Studio Solution File, Format Version 12.00
# Visual Studio 14
VisualStudioVersion = 14.0.23107.0
MinimumVisualStudioVersion = 10.0.40219.1
Project("{FAE04EC0-301F-11D3-BF4B-00C04F79EFBC}") = "Game.ActorModel", "Game.ActorModel\Game.ActorModel.csproj", "{EA3FDCC1-C676-41AE-9C0B-A7097EF5D7A3}"
EndProject
Project("{FAE04EC0-301F-11D3-BF4B-00C04F79EFBC}") = "Game.Web", "Game.Web\Game.Web.csproj", "{9DA764F7-54C9-43C0-9A89-B645A99873E8}"
EndProject
Global
	GlobalSection(SolutionConfigurationPlatforms) = preSolution
		Debug|Any CPU = Debug|Any CPU
		Release|Any CPU = Release|Any CPU
	EndGlobalSection
	GlobalSection(ProjectConfigurationPlatforms) = postSolution
		{EA3FDCC1-C676-41AE-9C0B-A7097EF5D7A3}.Debug|Any CPU.ActiveCfg = Debug|Any CPU
		{EA3FDCC1-C676-41AE-9C0B-A7097EF5D7A3}.Debug|Any CPU.Build.0 = Debug|Any CPU
		{EA3FDCC1-C676-41AE-9C0B-A7097EF5D7A3}.Release|Any CPU.ActiveCfg = Release|Any CPU
		{EA3FDCC1-C676-41AE-9C0B-A7097EF5D7A3}.Release|Any CPU.Build.0 = Release|Any CPU
		{9DA764F7-54C9-43C0-9A89-B645A99873E8}.Debug|Any CPU.ActiveCfg = Debug|Any CPU
		{9DA764F7-54C9-43C0-9A89-B645A99873E8}.Debug|Any CPU.Build.0 = Debug|Any CPU
		{9DA764F7-54C9-43C0-9A89-B645A99873E8}.Release|Any CPU.ActiveCfg = Release|Any CPU
		{9DA764F7-54C9-43C0-9A89-B645A99873E8}.Release|Any CPU.Build.0 = Release|Any CPU
	EndGlobalSection
	GlobalSection(SolutionProperties) = preSolution
		HideSolutionNode = FALSE
	EndGlobalSection
EndGlobal
